
Microsoft Visual Studio Solution File, Format Version 12.00
# Visual Studio 15
VisualStudioVersion = 15.0.26124.0
MinimumVisualStudioVersion = 15.0.26124.0
Project("{FAE04EC0-301F-11D3-BF4B-00C04F79EFBC}") = "LineService", "LineService\LineService.csproj", "{120AEA9A-9B2F-4E74-8C13-DE06909CE21A}"
EndProject
Project("{FAE04EC0-301F-11D3-BF4B-00C04F79EFBC}") = "NumberService", "NumberService\NumberService.csproj", "{1D7B11FA-9491-4A24-83D8-DE0AB9379C18}"
EndProject
Project("{FAE04EC0-301F-11D3-BF4B-00C04F79EFBC}") = "LRUCacheService", "LRUCacheService\LRUCacheService.csproj", "{FE646490-608F-4895-815C-E7231027E430}"
EndProject
Project("{FAE04EC0-301F-11D3-BF4B-00C04F79EFBC}") = "VersionService", "VersionService\VersionService.csproj", "{C159DC12-CCAC-4B57-A20E-2F82EFF851B0}"
EndProject
Project("{FAE04EC0-301F-11D3-BF4B-00C04F79EFBC}") = "VersionService.Tests", "VersionService.Tests\VersionService.Tests.csproj", "{436BA2FA-C6A9-49C0-BC21-83C955E559C6}"
EndProject
Project("{FAE04EC0-301F-11D3-BF4B-00C04F79EFBC}") = "NumberService.Tests", "NumberService.Tests\NumberService.Tests.csproj", "{343D5F70-AC8C-4522-A430-0845E1967879}"
EndProject
Project("{FAE04EC0-301F-11D3-BF4B-00C04F79EFBC}") = "LineService.Tests", "LineService.Tests\LineService.Tests.csproj", "{04E47306-305D-4178-8409-4B049506A50E}"
EndProject
Project("{FAE04EC0-301F-11D3-BF4B-00C04F79EFBC}") = "LRUCacheService.Tests", "LRUCacheService.Tests\LRUCacheService.Tests.csproj", "{86DD090F-15A1-41C2-9FCF-F35BFC26EA24}"
EndProject
Global
	GlobalSection(SolutionConfigurationPlatforms) = preSolution
		Debug|Any CPU = Debug|Any CPU
		Debug|x64 = Debug|x64
		Debug|x86 = Debug|x86
		Release|Any CPU = Release|Any CPU
		Release|x64 = Release|x64
		Release|x86 = Release|x86
	EndGlobalSection
	GlobalSection(SolutionProperties) = preSolution
		HideSolutionNode = FALSE
	EndGlobalSection
	GlobalSection(ProjectConfigurationPlatforms) = postSolution
		{120AEA9A-9B2F-4E74-8C13-DE06909CE21A}.Debug|Any CPU.ActiveCfg = Debug|Any CPU
		{120AEA9A-9B2F-4E74-8C13-DE06909CE21A}.Debug|Any CPU.Build.0 = Debug|Any CPU
		{120AEA9A-9B2F-4E74-8C13-DE06909CE21A}.Debug|x64.ActiveCfg = Debug|Any CPU
		{120AEA9A-9B2F-4E74-8C13-DE06909CE21A}.Debug|x64.Build.0 = Debug|Any CPU
		{120AEA9A-9B2F-4E74-8C13-DE06909CE21A}.Debug|x86.ActiveCfg = Debug|Any CPU
		{120AEA9A-9B2F-4E74-8C13-DE06909CE21A}.Debug|x86.Build.0 = Debug|Any CPU
		{120AEA9A-9B2F-4E74-8C13-DE06909CE21A}.Release|Any CPU.ActiveCfg = Release|Any CPU
		{120AEA9A-9B2F-4E74-8C13-DE06909CE21A}.Release|Any CPU.Build.0 = Release|Any CPU
		{120AEA9A-9B2F-4E74-8C13-DE06909CE21A}.Release|x64.ActiveCfg = Release|Any CPU
		{120AEA9A-9B2F-4E74-8C13-DE06909CE21A}.Release|x64.Build.0 = Release|Any CPU
		{120AEA9A-9B2F-4E74-8C13-DE06909CE21A}.Release|x86.ActiveCfg = Release|Any CPU
		{120AEA9A-9B2F-4E74-8C13-DE06909CE21A}.Release|x86.Build.0 = Release|Any CPU
		{1D7B11FA-9491-4A24-83D8-DE0AB9379C18}.Debug|Any CPU.ActiveCfg = Debug|Any CPU
		{1D7B11FA-9491-4A24-83D8-DE0AB9379C18}.Debug|Any CPU.Build.0 = Debug|Any CPU
		{1D7B11FA-9491-4A24-83D8-DE0AB9379C18}.Debug|x64.ActiveCfg = Debug|Any CPU
		{1D7B11FA-9491-4A24-83D8-DE0AB9379C18}.Debug|x64.Build.0 = Debug|Any CPU
		{1D7B11FA-9491-4A24-83D8-DE0AB9379C18}.Debug|x86.ActiveCfg = Debug|Any CPU
		{1D7B11FA-9491-4A24-83D8-DE0AB9379C18}.Debug|x86.Build.0 = Debug|Any CPU
		{1D7B11FA-9491-4A24-83D8-DE0AB9379C18}.Release|Any CPU.ActiveCfg = Release|Any CPU
		{1D7B11FA-9491-4A24-83D8-DE0AB9379C18}.Release|Any CPU.Build.0 = Release|Any CPU
		{1D7B11FA-9491-4A24-83D8-DE0AB9379C18}.Release|x64.ActiveCfg = Release|Any CPU
		{1D7B11FA-9491-4A24-83D8-DE0AB9379C18}.Release|x64.Build.0 = Release|Any CPU
		{1D7B11FA-9491-4A24-83D8-DE0AB9379C18}.Release|x86.ActiveCfg = Release|Any CPU
		{1D7B11FA-9491-4A24-83D8-DE0AB9379C18}.Release|x86.Build.0 = Release|Any CPU
		{FE646490-608F-4895-815C-E7231027E430}.Debug|Any CPU.ActiveCfg = Debug|Any CPU
		{FE646490-608F-4895-815C-E7231027E430}.Debug|Any CPU.Build.0 = Debug|Any CPU
		{FE646490-608F-4895-815C-E7231027E430}.Debug|x64.ActiveCfg = Debug|Any CPU
		{FE646490-608F-4895-815C-E7231027E430}.Debug|x64.Build.0 = Debug|Any CPU
		{FE646490-608F-4895-815C-E7231027E430}.Debug|x86.ActiveCfg = Debug|Any CPU
		{FE646490-608F-4895-815C-E7231027E430}.Debug|x86.Build.0 = Debug|Any CPU
		{FE646490-608F-4895-815C-E7231027E430}.Release|Any CPU.ActiveCfg = Release|Any CPU
		{FE646490-608F-4895-815C-E7231027E430}.Release|Any CPU.Build.0 = Release|Any CPU
		{FE646490-608F-4895-815C-E7231027E430}.Release|x64.ActiveCfg = Release|Any CPU
		{FE646490-608F-4895-815C-E7231027E430}.Release|x64.Build.0 = Release|Any CPU
		{FE646490-608F-4895-815C-E7231027E430}.Release|x86.ActiveCfg = Release|Any CPU
		{FE646490-608F-4895-815C-E7231027E430}.Release|x86.Build.0 = Release|Any CPU
		{C159DC12-CCAC-4B57-A20E-2F82EFF851B0}.Debug|Any CPU.ActiveCfg = Debug|Any CPU
		{C159DC12-CCAC-4B57-A20E-2F82EFF851B0}.Debug|Any CPU.Build.0 = Debug|Any CPU
		{C159DC12-CCAC-4B57-A20E-2F82EFF851B0}.Debug|x64.ActiveCfg = Debug|Any CPU
		{C159DC12-CCAC-4B57-A20E-2F82EFF851B0}.Debug|x64.Build.0 = Debug|Any CPU
		{C159DC12-CCAC-4B57-A20E-2F82EFF851B0}.Debug|x86.ActiveCfg = Debug|Any CPU
		{C159DC12-CCAC-4B57-A20E-2F82EFF851B0}.Debug|x86.Build.0 = Debug|Any CPU
		{C159DC12-CCAC-4B57-A20E-2F82EFF851B0}.Release|Any CPU.ActiveCfg = Release|Any CPU
		{C159DC12-CCAC-4B57-A20E-2F82EFF851B0}.Release|Any CPU.Build.0 = Release|Any CPU
		{C159DC12-CCAC-4B57-A20E-2F82EFF851B0}.Release|x64.ActiveCfg = Release|Any CPU
		{C159DC12-CCAC-4B57-A20E-2F82EFF851B0}.Release|x64.Build.0 = Release|Any CPU
		{C159DC12-CCAC-4B57-A20E-2F82EFF851B0}.Release|x86.ActiveCfg = Release|Any CPU
		{C159DC12-CCAC-4B57-A20E-2F82EFF851B0}.Release|x86.Build.0 = Release|Any CPU
		{436BA2FA-C6A9-49C0-BC21-83C955E559C6}.Debug|Any CPU.ActiveCfg = Debug|Any CPU
		{436BA2FA-C6A9-49C0-BC21-83C955E559C6}.Debug|Any CPU.Build.0 = Debug|Any CPU
		{436BA2FA-C6A9-49C0-BC21-83C955E559C6}.Debug|x64.ActiveCfg = Debug|Any CPU
		{436BA2FA-C6A9-49C0-BC21-83C955E559C6}.Debug|x64.Build.0 = Debug|Any CPU
		{436BA2FA-C6A9-49C0-BC21-83C955E559C6}.Debug|x86.ActiveCfg = Debug|Any CPU
		{436BA2FA-C6A9-49C0-BC21-83C955E559C6}.Debug|x86.Build.0 = Debug|Any CPU
		{436BA2FA-C6A9-49C0-BC21-83C955E559C6}.Release|Any CPU.ActiveCfg = Release|Any CPU
		{436BA2FA-C6A9-49C0-BC21-83C955E559C6}.Release|Any CPU.Build.0 = Release|Any CPU
		{436BA2FA-C6A9-49C0-BC21-83C955E559C6}.Release|x64.ActiveCfg = Release|Any CPU
		{436BA2FA-C6A9-49C0-BC21-83C955E559C6}.Release|x64.Build.0 = Release|Any CPU
		{436BA2FA-C6A9-49C0-BC21-83C955E559C6}.Release|x86.ActiveCfg = Release|Any CPU
		{436BA2FA-C6A9-49C0-BC21-83C955E559C6}.Release|x86.Build.0 = Release|Any CPU
		{343D5F70-AC8C-4522-A430-0845E1967879}.Debug|Any CPU.ActiveCfg = Debug|Any CPU
		{343D5F70-AC8C-4522-A430-0845E1967879}.Debug|Any CPU.Build.0 = Debug|Any CPU
		{343D5F70-AC8C-4522-A430-0845E1967879}.Debug|x64.ActiveCfg = Debug|Any CPU
		{343D5F70-AC8C-4522-A430-0845E1967879}.Debug|x64.Build.0 = Debug|Any CPU
		{343D5F70-AC8C-4522-A430-0845E1967879}.Debug|x86.ActiveCfg = Debug|Any CPU
		{343D5F70-AC8C-4522-A430-0845E1967879}.Debug|x86.Build.0 = Debug|Any CPU
		{343D5F70-AC8C-4522-A430-0845E1967879}.Release|Any CPU.ActiveCfg = Release|Any CPU
		{343D5F70-AC8C-4522-A430-0845E1967879}.Release|Any CPU.Build.0 = Release|Any CPU
		{343D5F70-AC8C-4522-A430-0845E1967879}.Release|x64.ActiveCfg = Release|Any CPU
		{343D5F70-AC8C-4522-A430-0845E1967879}.Release|x64.Build.0 = Release|Any CPU
		{343D5F70-AC8C-4522-A430-0845E1967879}.Release|x86.ActiveCfg = Release|Any CPU
		{343D5F70-AC8C-4522-A430-0845E1967879}.Release|x86.Build.0 = Release|Any CPU
		{04E47306-305D-4178-8409-4B049506A50E}.Debug|Any CPU.ActiveCfg = Debug|Any CPU
		{04E47306-305D-4178-8409-4B049506A50E}.Debug|Any CPU.Build.0 = Debug|Any CPU
		{04E47306-305D-4178-8409-4B049506A50E}.Debug|x64.ActiveCfg = Debug|Any CPU
		{04E47306-305D-4178-8409-4B049506A50E}.Debug|x64.Build.0 = Debug|Any CPU
		{04E47306-305D-4178-8409-4B049506A50E}.Debug|x86.ActiveCfg = Debug|Any CPU
		{04E47306-305D-4178-8409-4B049506A50E}.Debug|x86.Build.0 = Debug|Any CPU
		{04E47306-305D-4178-8409-4B049506A50E}.Release|Any CPU.ActiveCfg = Release|Any CPU
		{04E47306-305D-4178-8409-4B049506A50E}.Release|Any CPU.Build.0 = Release|Any CPU
		{04E47306-305D-4178-8409-4B049506A50E}.Release|x64.ActiveCfg = Release|Any CPU
		{04E47306-305D-4178-8409-4B049506A50E}.Release|x64.Build.0 = Release|Any CPU
		{04E47306-305D-4178-8409-4B049506A50E}.Release|x86.ActiveCfg = Release|Any CPU
		{04E47306-305D-4178-8409-4B049506A50E}.Release|x86.Build.0 = Release|Any CPU
		{86DD090F-15A1-41C2-9FCF-F35BFC26EA24}.Debug|Any CPU.ActiveCfg = Debug|Any CPU
		{86DD090F-15A1-41C2-9FCF-F35BFC26EA24}.Debug|Any CPU.Build.0 = Debug|Any CPU
		{86DD090F-15A1-41C2-9FCF-F35BFC26EA24}.Debug|x64.ActiveCfg = Debug|Any CPU
		{86DD090F-15A1-41C2-9FCF-F35BFC26EA24}.Debug|x64.Build.0 = Debug|Any CPU
		{86DD090F-15A1-41C2-9FCF-F35BFC26EA24}.Debug|x86.ActiveCfg = Debug|Any CPU
		{86DD090F-15A1-41C2-9FCF-F35BFC26EA24}.Debug|x86.Build.0 = Debug|Any CPU
		{86DD090F-15A1-41C2-9FCF-F35BFC26EA24}.Release|Any CPU.ActiveCfg = Release|Any CPU
		{86DD090F-15A1-41C2-9FCF-F35BFC26EA24}.Release|Any CPU.Build.0 = Release|Any CPU
		{86DD090F-15A1-41C2-9FCF-F35BFC26EA24}.Release|x64.ActiveCfg = Release|Any CPU
		{86DD090F-15A1-41C2-9FCF-F35BFC26EA24}.Release|x64.Build.0 = Release|Any CPU
		{86DD090F-15A1-41C2-9FCF-F35BFC26EA24}.Release|x86.ActiveCfg = Release|Any CPU
		{86DD090F-15A1-41C2-9FCF-F35BFC26EA24}.Release|x86.Build.0 = Release|Any CPU
	EndGlobalSection
EndGlobal
